{
  "name": "hedge-editor",
  "version": "1.0.0",
  "lockfileVersion": 1,
  "requires": true,
  "dependencies": {
    "orderedmap": {
      "version": "1.0.0",
      "resolved": "http://registry.npm.taobao.org/orderedmap/download/orderedmap-1.0.0.tgz"
    },
    "prosemirror-commands": {
      "version": "1.0.7",
      "resolved": "http://registry.npm.taobao.org/prosemirror-commands/download/prosemirror-commands-1.0.7.tgz",
      "requires": {
        "prosemirror-model": "1.4.4",
        "prosemirror-state": "1.2.0",
        "prosemirror-transform": "1.0.10"
      },
      "dependencies": {
        "prosemirror-model": {
          "version": "1.4.4",
          "bundled": true,
          "requires": {
            "orderedmap": "1.0.0"
          },
          "dependencies": {
            "orderedmap": {
              "version": "1.0.0",
              "bundled": true
            }
          }
        },
        "prosemirror-state": {
          "version": "1.2.0",
          "bundled": true,
          "requires": {
            "prosemirror-model": "1.4.4",
            "prosemirror-transform": "1.0.10"
          },
          "dependencies": {
            "prosemirror-model": {
              "version": "1.4.4",
              "bundled": true,
              "requires": {
                "orderedmap": "1.0.0"
              },
              "dependencies": {
                "orderedmap": {
                  "version": "1.0.0",
                  "bundled": true
                }
              }
            },
            "prosemirror-transform": {
              "version": "1.0.10",
              "bundled": true,
              "requires": {
                "prosemirror-model": "1.4.4"
              },
              "dependencies": {
                "prosemirror-model": {
                  "version": "1.4.4",
                  "bundled": true,
                  "requires": {
                    "orderedmap": "1.0.0"
                  },
                  "dependencies": {
                    "orderedmap": {
                      "version": "1.0.0",
                      "bundled": true
                    }
                  }
                }
              }
            }
          }
        },
        "prosemirror-transform": {
          "version": "1.0.10",
          "bundled": true,
          "requires": {
            "prosemirror-model": "1.4.4"
          },
          "dependencies": {
            "prosemirror-model": {
              "version": "1.4.4",
              "bundled": true,
              "requires": {
                "orderedmap": "1.0.0"
              },
              "dependencies": {}
            }
          }
        }
      }
    },
    "prosemirror-history": {
      "version": "1.0.2",
      "resolved": "http://registry.npm.taobao.org/prosemirror-history/download/prosemirror-history-1.0.2.tgz",
      "requires": {
        "prosemirror-state": "1.2.0",
        "prosemirror-transform": "1.0.10",
        "rope-sequence": "1.2.2"
      },
      "dependencies": {
        "prosemirror-state": {
          "version": "1.2.0",
          "bundled": true,
          "requires": {
            "prosemirror-model": "1.4.4",
            "prosemirror-transform": "1.0.10"
          },
          "dependencies": {
            "prosemirror-model": {
              "version": "1.4.4",
              "bundled": true,
              "requires": {
                "orderedmap": "1.0.0"
              },
              "dependencies": {}
            },
            "prosemirror-transform": {
              "version": "1.0.10",
              "bundled": true,
              "requires": {
                "prosemirror-model": "1.4.4"
              },
              "dependencies": {}
            }
          }
        },
        "prosemirror-transform": {
          "version": "1.0.10",
          "bundled": true,
          "requires": {
            "prosemirror-model": "1.4.4"
          },
          "dependencies": {
            "prosemirror-model": {
              "version": "1.4.4",
              "bundled": true,
              "requires": {
                "orderedmap": "1.0.0"
              },
              "dependencies": {}
            }
          }
        },
        "rope-sequence": {
          "version": "1.2.2",
          "bundled": true
        }
      }
    },
    "prosemirror-keymap": {
      "version": "1.0.1",
      "resolved": "http://registry.npm.taobao.org/prosemirror-keymap/download/prosemirror-keymap-1.0.1.tgz",
      "requires": {
        "prosemirror-state": "1.2.0",
        "w3c-keyname": "1.1.8"
      },
      "dependencies": {
        "prosemirror-state": {
          "version": "1.2.0",
          "bundled": true,
          "requires": {
            "prosemirror-model": "1.4.4",
            "prosemirror-transform": "1.0.10"
          },
          "dependencies": {
            "prosemirror-model": {
              "version": "1.4.4",
              "bundled": true,
              "requires": {
                "orderedmap": "1.0.0"
              },
              "dependencies": {}
            },
            "prosemirror-transform": {
              "version": "1.0.10",
              "bundled": true,
              "requires": {
                "prosemirror-model": "1.4.4"
              },
              "dependencies": {}
            }
          }
        },
        "w3c-keyname": {
          "version": "1.1.8",
          "bundled": true
        }
      }
    },
    "prosemirror-model": {
      "version": "1.4.4",
      "resolved": "https://registry.npmjs.org/prosemirror-model/-/prosemirror-model-1.4.4.tgz",
      "integrity": "sha512-ieFS9mcoRseY0RmOKNcKpsalEFEbyaAFWPy5g6W/N4he4kmly6j9rcQfOdZVxKvEw99is6muwUmOfhWBqxJviw==",
      "requires": {
        "orderedmap": "1.0.0"
      }
    },
    "prosemirror-schema-basic": {
      "version": "1.0.0",
      "resolved": "http://registry.npm.taobao.org/prosemirror-schema-basic/download/prosemirror-schema-basic-1.0.0.tgz",
      "requires": {
        "prosemirror-model": "1.4.4"
      },
      "dependencies": {
        "prosemirror-model": {
          "version": "1.4.4",
          "bundled": true,
          "requires": {
            "orderedmap": "1.0.0"
          },
          "dependencies": {
            "orderedmap": {
              "version": "1.0.0",
              "bundled": true
            }
          }
        }
      }
    },
    "prosemirror-state": {
      "version": "1.2.0",
      "resolved": "http://registry.npm.taobao.org/prosemirror-state/download/prosemirror-state-1.2.0.tgz",
      "requires": {
        "prosemirror-model": "1.4.4",
        "prosemirror-transform": "1.0.10"
      },
      "dependencies": {
        "prosemirror-model": {
          "version": "1.4.4",
          "bundled": true,
          "requires": {
            "orderedmap": "1.0.0"
          },
          "dependencies": {}
        },
        "prosemirror-transform": {
          "version": "1.0.10",
          "bundled": true,
          "requires": {
            "prosemirror-model": "1.4.4"
          },
          "dependencies": {}
        }
      }
    },
    "prosemirror-view": {
      "version": "1.3.0",
      "resolved": "http://registry.npm.taobao.org/prosemirror-view/download/prosemirror-view-1.3.0.tgz",
      "requires": {
        "prosemirror-model": "1.4.4",
        "prosemirror-state": "1.2.0",
        "prosemirror-transform": "1.0.10"
      },
      "dependencies": {
        "prosemirror-model": {
          "version": "1.4.4",
          "bundled": true,
          "requires": {
            "orderedmap": "1.0.0"
          },
          "dependencies": {
            "orderedmap": {
              "version": "1.0.0",
              "bundled": true
            }
          }
        },
        "prosemirror-state": {
          "version": "1.2.0",
          "bundled": true,
          "requires": {
            "prosemirror-model": "1.4.4",
            "prosemirror-transform": "1.0.10"
          },
          "dependencies": {
            "prosemirror-model": {
              "version": "1.4.4",
              "bundled": true,
              "requires": {
                "orderedmap": "1.0.0"
              },
              "dependencies": {}
            },
            "prosemirror-transform": {
              "version": "1.0.10",
              "bundled": true,
              "requires": {
                "prosemirror-model": "1.4.4"
              },
              "dependencies": {}
            }
          }
        },
        "prosemirror-transform": {
          "version": "1.0.10",
          "bundled": true,
          "requires": {
            "prosemirror-model": "1.4.4"
          },
          "dependencies": {
            "prosemirror-model": {
              "version": "1.4.4",
              "bundled": true,
              "requires": {
                "orderedmap": "1.0.0"
              },
              "dependencies": {}
            }
          }
        }
      }
    }
  }
}
