{
  "name": "hedge-editor",
  "version": "1.0.0",
  "lockfileVersion": 1,
  "requires": true,
  "dependencies": {
    "crelt": {
      "version": "1.0.6",
      "resolved": "https://registry.npmjs.org/crelt/-/crelt-1.0.6.tgz",
      "integrity": "sha512-VQ2MBenTq1fWZUH9DJNGti7kKv6EeAuYr3cLwxUWhIu1baTaXh4Ib5W2CqHVqib4/MqbYGJqiL3Zb8GJZr3l4g=="
    },
    "orderedmap": {
      "version": "2.1.1",
      "resolved": "https://registry.npmjs.org/orderedmap/-/orderedmap-2.1.1.tgz",
      "integrity": "sha512-TvAWxi0nDe1j/rtMcWcIj94+Ffe6n7zhow33h40SKxmsmozs6dz/e+EajymfoFcHd7sxNn8yHM8839uixMOV6g=="
    },
    "prosemirror-commands": {
      "version": "1.0.7",
      "resolved": "http://registry.npm.taobao.org/prosemirror-commands/download/prosemirror-commands-1.0.7.tgz",
      "requires": {
        "prosemirror-model": "^1.0.0",
        "prosemirror-state": "^1.0.0",
        "prosemirror-transform": "^1.0.0"
      },
      "dependencies": {
        "prosemirror-state": {
          "version": "1.2.0",
          "requires": {
            "prosemirror-model": "^1.0.0",
            "prosemirror-transform": "^1.0.0"
          }
        }
      }
    },
    "prosemirror-dropcursor": {
      "version": "1.8.1",
      "resolved": "https://registry.npmjs.org/prosemirror-dropcursor/-/prosemirror-dropcursor-1.8.1.tgz",
      "integrity": "sha512-M30WJdJZLyXHi3N8vxN6Zh5O8ZBbQCz0gURTfPmTIBNQ5pxrdU7A58QkNqfa98YEjSAL1HUyyU34f6Pm5xBSGw==",
      "requires": {
        "prosemirror-state": "^1.0.0",
        "prosemirror-transform": "^1.1.0",
        "prosemirror-view": "^1.1.0"
      }
    },
    "prosemirror-example-setup": {
      "version": "1.2.3",
      "resolved": "https://registry.npmjs.org/prosemirror-example-setup/-/prosemirror-example-setup-1.2.3.tgz",
      "integrity": "sha512-+hXZi8+xbFvYM465zZH3rdZ9w7EguVKmUYwYLZjIJIjPK+I0nPTwn8j0ByW2avchVczRwZmOJGNvehblyIerSQ==",
      "requires": {
        "prosemirror-commands": "^1.0.0",
        "prosemirror-dropcursor": "^1.0.0",
        "prosemirror-gapcursor": "^1.0.0",
        "prosemirror-history": "^1.0.0",
        "prosemirror-inputrules": "^1.0.0",
        "prosemirror-keymap": "^1.0.0",
        "prosemirror-menu": "^1.0.0",
        "prosemirror-schema-list": "^1.0.0",
        "prosemirror-state": "^1.0.0"
      }
    },
    "prosemirror-gapcursor": {
      "version": "1.3.2",
      "resolved": "https://registry.npmjs.org/prosemirror-gapcursor/-/prosemirror-gapcursor-1.3.2.tgz",
      "integrity": "sha512-wtjswVBd2vaQRrnYZaBCbyDqr232Ed4p2QPtRIUK5FuqHYKGWkEwl08oQM4Tw7DOR0FsasARV5uJFvMZWxdNxQ==",
      "requires": {
        "prosemirror-keymap": "^1.0.0",
        "prosemirror-model": "^1.0.0",
        "prosemirror-state": "^1.0.0",
        "prosemirror-view": "^1.0.0"
      }
    },
    "prosemirror-history": {
      "version": "1.0.2",
      "resolved": "http://registry.npm.taobao.org/prosemirror-history/download/prosemirror-history-1.0.2.tgz",
      "requires": {
        "prosemirror-state": "^1.0.0",
        "prosemirror-transform": "^1.0.0",
        "rope-sequence": "^1.2.0"
      },
      "dependencies": {
        "prosemirror-state": {
          "version": "1.2.0",
          "requires": {
            "prosemirror-model": "^1.0.0",
            "prosemirror-transform": "^1.0.0"
          }
        },
        "rope-sequence": {
          "version": "1.2.2"
        }
      }
    },
    "prosemirror-inputrules": {
      "version": "1.4.0",
      "resolved": "https://registry.npmjs.org/prosemirror-inputrules/-/prosemirror-inputrules-1.4.0.tgz",
      "integrity": "sha512-6ygpPRuTJ2lcOXs9JkefieMst63wVJBgHZGl5QOytN7oSZs3Co/BYbc3Yx9zm9H37Bxw8kVzCnDsihsVsL4yEg==",
      "requires": {
        "prosemirror-state": "^1.0.0",
        "prosemirror-transform": "^1.0.0"
      }
    },
    "prosemirror-keymap": {
      "version": "1.0.1",
      "resolved": "http://registry.npm.taobao.org/prosemirror-keymap/download/prosemirror-keymap-1.0.1.tgz",
      "requires": {
        "prosemirror-state": "^1.0.0",
        "w3c-keyname": "^1.1.8"
      },
      "dependencies": {
        "prosemirror-state": {
          "version": "1.2.0",
          "requires": {
            "prosemirror-model": "^1.0.0",
            "prosemirror-transform": "^1.0.0"
          }
        },
        "w3c-keyname": {
          "version": "1.1.8"
        }
      }
    },
    "prosemirror-menu": {
      "version": "1.2.4",
      "resolved": "https://registry.npmjs.org/prosemirror-menu/-/prosemirror-menu-1.2.4.tgz",
      "integrity": "sha512-S/bXlc0ODQup6aiBbWVsX/eM+xJgCTAfMq/nLqaO5ID/am4wS0tTCIkzwytmao7ypEtjj39i7YbJjAgO20mIqA==",
      "requires": {
        "crelt": "^1.0.0",
        "prosemirror-commands": "^1.0.0",
        "prosemirror-history": "^1.0.0",
        "prosemirror-state": "^1.0.0"
      }
    },
    "prosemirror-model": {
      "version": "1.22.1",
      "resolved": "https://registry.npmjs.org/prosemirror-model/-/prosemirror-model-1.22.1.tgz",
      "integrity": "sha512-gMrxal+F3higDFxCkBK5iQXckRVYvIu/3dopERJ6b20xfwZ9cbYvQvuldqaN+v/XytNPGyURYUpUU23kBRxWCQ==",
      "requires": {
        "orderedmap": "^2.0.0"
      }
    },
    "prosemirror-schema-basic": {
      "version": "1.0.0",
      "resolved": "http://registry.npm.taobao.org/prosemirror-schema-basic/download/prosemirror-schema-basic-1.0.0.tgz",
      "requires": {
        "prosemirror-model": "^1.0.0"
      }
    },
    "prosemirror-schema-list": {
      "version": "1.4.1",
      "resolved": "https://registry.npmjs.org/prosemirror-schema-list/-/prosemirror-schema-list-1.4.1.tgz",
      "integrity": "sha512-jbDyaP/6AFfDfu70VzySsD75Om2t3sXTOdl5+31Wlxlg62td1haUpty/ybajSfJ1pkGadlOfwQq9kgW5IMo1Rg==",
      "requires": {
        "prosemirror-model": "^1.0.0",
        "prosemirror-state": "^1.0.0",
        "prosemirror-transform": "^1.7.3"
      }
    },
    "prosemirror-state": {
      "version": "1.2.0",
      "resolved": "http://registry.npm.taobao.org/prosemirror-state/download/prosemirror-state-1.2.0.tgz",
      "requires": {
        "prosemirror-model": "^1.0.0",
        "prosemirror-transform": "^1.0.0"
      }
    },
    "prosemirror-transform": {
      "version": "1.10.0",
      "resolved": "https://registry.npmjs.org/prosemirror-transform/-/prosemirror-transform-1.10.0.tgz",
      "integrity": "sha512-9UOgFSgN6Gj2ekQH5CTDJ8Rp/fnKR2IkYfGdzzp5zQMFsS4zDllLVx/+jGcX86YlACpG7UR5fwAXiWzxqWtBTg==",
      "requires": {
        "prosemirror-model": "^1.21.0"
      }
    },
    "prosemirror-view": {
      "version": "1.3.0",
      "resolved": "http://registry.npm.taobao.org/prosemirror-view/download/prosemirror-view-1.3.0.tgz",
      "requires": {
        "prosemirror-model": "^1.1.0",
        "prosemirror-state": "^1.0.0",
        "prosemirror-transform": "^1.0.0"
      },
      "dependencies": {
        "prosemirror-state": {
          "version": "1.2.0",
          "requires": {
            "prosemirror-model": "^1.0.0",
            "prosemirror-transform": "^1.0.0"
          }
        }
      }
    }
  }
}
