# THIS IS AN AUTOGENERATED FILE. DO NOT EDIT THIS FILE DIRECTLY.
# yarn lockfile v1


crel@^3.0.0:
  version "3.1.0"
  resolved "https://registry.yarnpkg.com/crel/-/crel-3.1.0.tgz#c0d5ed3df6b8017ff5ecc9f0743c60572e268c64"

orderedmap@^1.0.0:
  version "1.0.0"
  resolved "https://registry.yarnpkg.com/orderedmap/-/orderedmap-1.0.0.tgz#d90fc2ba1ed085190907d601dec6e6a53f8d41ba"

prosemirror-commands@^1.0.0, prosemirror-commands@^1.0.7:
  version "1.0.7"
  resolved "https://registry.yarnpkg.com/prosemirror-commands/-/prosemirror-commands-1.0.7.tgz#e5a2ba821e29ea7065c88277fe2c3d7f6b0b9d37"
  dependencies:
    prosemirror-model "^1.0.0"
    prosemirror-state "^1.0.0"
    prosemirror-transform "^1.0.0"

prosemirror-dropcursor@^1.0.0:
  version "1.0.0"
  resolved "https://registry.yarnpkg.com/prosemirror-dropcursor/-/prosemirror-dropcursor-1.0.0.tgz#cf4ef449579afdc88b3dbd3e7256f2b3eaabecd6"
  dependencies:
    prosemirror-state "^1.0.0"
    prosemirror-view "^1.0.0"

prosemirror-example-setup@^1.0.1:
  version "1.0.1"
  resolved "https://registry.yarnpkg.com/prosemirror-example-setup/-/prosemirror-example-setup-1.0.1.tgz#286e750258e75348e8a3da302744a535f1f44828"
  dependencies:
    prosemirror-commands "^1.0.0"
    prosemirror-dropcursor "^1.0.0"
    prosemirror-gapcursor "^1.0.0"
    prosemirror-history "^1.0.0"
    prosemirror-inputrules "^1.0.0"
    prosemirror-keymap "^1.0.0"
    prosemirror-menu "^1.0.0"
    prosemirror-schema-list "^1.0.0"
    prosemirror-state "^1.0.0"

prosemirror-gapcursor@^1.0.0:
  version "1.0.2"
  resolved "https://registry.yarnpkg.com/prosemirror-gapcursor/-/prosemirror-gapcursor-1.0.2.tgz#f58fb0438f70b485afec36ba9fa83b685a63ebc2"
  dependencies:
    prosemirror-keymap "^1.0.0"
    prosemirror-model "^1.0.0"
    prosemirror-state "^1.0.0"
    prosemirror-view "^1.0.0"

prosemirror-history@^1.0.0, prosemirror-history@^1.0.2:
  version "1.0.2"
  resolved "https://registry.yarnpkg.com/prosemirror-history/-/prosemirror-history-1.0.2.tgz#25f0e6acb07f14d3d2a3985a8df84e3ff429acd1"
  dependencies:
    prosemirror-state "^1.0.0"
    prosemirror-transform "^1.0.0"
    rope-sequence "^1.2.0"

prosemirror-inputrules@^1.0.0:
  version "1.0.1"
  resolved "https://registry.yarnpkg.com/prosemirror-inputrules/-/prosemirror-inputrules-1.0.1.tgz#f63305fd966379f218e82ca76a2a9b328b66dc7b"
  dependencies:
    prosemirror-state "^1.0.0"
    prosemirror-transform "^1.0.0"

prosemirror-keymap@^1.0.0, prosemirror-keymap@^1.0.1:
  version "1.0.1"
  resolved "https://registry.yarnpkg.com/prosemirror-keymap/-/prosemirror-keymap-1.0.1.tgz#03ef32b828e3a859dfb570eb84928bf2e5330bc2"
  dependencies:
    prosemirror-state "^1.0.0"
    w3c-keyname "^1.1.8"

prosemirror-menu@^1.0.0:
  version "1.0.4"
  resolved "https://registry.yarnpkg.com/prosemirror-menu/-/prosemirror-menu-1.0.4.tgz#23d0179944c5d0777f6fa30f1ec5919b5967ad1f"
  dependencies:
    crel "^3.0.0"
    prosemirror-commands "^1.0.0"
    prosemirror-history "^1.0.0"
    prosemirror-state "^1.0.0"

prosemirror-model@^1.0.0, prosemirror-model@^1.1.0, prosemirror-model@^1.4.4:
  version "1.4.4"
  resolved "https://registry.yarnpkg.com/prosemirror-model/-/prosemirror-model-1.4.4.tgz#2752d3e16e8bec604751208d16fad4a7e678cd4e"
  dependencies:
    orderedmap "^1.0.0"

prosemirror-schema-basic@^1.0.0:
  version "1.0.0"
  resolved "https://registry.yarnpkg.com/prosemirror-schema-basic/-/prosemirror-schema-basic-1.0.0.tgz#240516a52637e1a5b9d6d0bde0708906f2f51397"
  dependencies:
    prosemirror-model "^1.0.0"

prosemirror-schema-list@^1.0.0, prosemirror-schema-list@^1.0.1:
  version "1.0.1"
  resolved "https://registry.yarnpkg.com/prosemirror-schema-list/-/prosemirror-schema-list-1.0.1.tgz#f216e0cf4809b6074aa27912449ac89897f1ae94"
  dependencies:
    prosemirror-model "^1.0.0"
    prosemirror-transform "^1.0.0"

prosemirror-state@^1.0.0, prosemirror-state@^1.2.0:
  version "1.2.0"
  resolved "https://registry.yarnpkg.com/prosemirror-state/-/prosemirror-state-1.2.0.tgz#c41723462b35318ef7f29caf23be41dd1ec513d3"
  dependencies:
    prosemirror-model "^1.0.0"
    prosemirror-transform "^1.0.0"

prosemirror-transform@^1.0.0:
  version "1.0.10"
  resolved "https://registry.yarnpkg.com/prosemirror-transform/-/prosemirror-transform-1.0.10.tgz#0e4af6b9babb8d985f0a145f10b859815fc5033c"
  dependencies:
    prosemirror-model "^1.0.0"

prosemirror-view@^1.0.0, prosemirror-view@^1.3.0:
  version "1.3.0"
  resolved "https://registry.yarnpkg.com/prosemirror-view/-/prosemirror-view-1.3.0.tgz#5589e9815a11eaa4797d9cbd0ed4e8f9bcd19736"
  dependencies:
    prosemirror-model "^1.1.0"
    prosemirror-state "^1.0.0"
    prosemirror-transform "^1.0.0"

rope-sequence@^1.2.0:
  version "1.2.2"
  resolved "https://registry.yarnpkg.com/rope-sequence/-/rope-sequence-1.2.2.tgz#49c4e5c2f54a48e990b050926771e2871bcb31ce"

w3c-keyname@^1.1.8:
  version "1.1.8"
  resolved "https://registry.yarnpkg.com/w3c-keyname/-/w3c-keyname-1.1.8.tgz#4e2219663760fd6535b7a1550f1552d71fc9372c"
